Microsoft Visual Studio Solution File, Format Version 12.00
# Visual Studio 2012
Project("{FAE04EC0-301F-11D3-BF4B-00C04F79EFBC}") = "2023_02 - TCPIV", "2023_02 - TCPIV.csproj", "{9E5BCA40-4698-4295-9581-5A491B937F0F}"
EndProject
Global
	GlobalSection(SolutionConfigurationPlatforms) = preSolution
	Debug|Any CPU = Debug|Any CPU
	ExportDebug|Any CPU = ExportDebug|Any CPU
	ExportRelease|Any CPU = ExportRelease|Any CPU
	EndGlobalSection
	GlobalSection(ProjectConfigurationPlatforms) = postSolution
		{9E5BCA40-4698-4295-9581-5A491B937F0F}.Debug|Any CPU.ActiveCfg = Debug|Any CPU
		{9E5BCA40-4698-4295-9581-5A491B937F0F}.Debug|Any CPU.Build.0 = Debug|Any CPU
		{9E5BCA40-4698-4295-9581-5A491B937F0F}.ExportDebug|Any CPU.ActiveCfg = ExportDebug|Any CPU
		{9E5BCA40-4698-4295-9581-5A491B937F0F}.ExportDebug|Any CPU.Build.0 = ExportDebug|Any CPU
		{9E5BCA40-4698-4295-9581-5A491B937F0F}.ExportRelease|Any CPU.ActiveCfg = ExportRelease|Any CPU
		{9E5BCA40-4698-4295-9581-5A491B937F0F}.ExportRelease|Any CPU.Build.0 = ExportRelease|Any CPU
	EndGlobalSection
EndGlobal
